
Microsoft Visual Studio Solution File, Format Version 12.00
# Visual Studio Version 17
VisualStudioVersion = 17.10.35013.160
MinimumVisualStudioVersion = 10.0.40219.1
Project("{FAE04EC0-301F-11D3-BF4B-00C04F79EFBC}") = "Cakepool Inventory System", "Cakepool Inventory System.csproj", "{EB3088B9-B9C2-428F-9E8F-56BC7CC57E02}"
EndProject
Global
	GlobalSection(SolutionConfigurationPlatforms) = preSolution
		Debug|Any CPU = Debug|Any CPU
		Release|Any CPU = Release|Any CPU
	EndGlobalSection
	GlobalSection(ProjectConfigurationPlatforms) = postSolution
		{EB3088B9-B9C2-428F-9E8F-56BC7CC57E02}.Debug|Any CPU.ActiveCfg = Debug|Any CPU
		{EB3088B9-B9C2-428F-9E8F-56BC7CC57E02}.Debug|Any CPU.Build.0 = Debug|Any CPU
		{EB3088B9-B9C2-428F-9E8F-56BC7CC57E02}.Release|Any CPU.ActiveCfg = Release|Any CPU
		{EB3088B9-B9C2-428F-9E8F-56BC7CC57E02}.Release|Any CPU.Build.0 = Release|Any CPU
	EndGlobalSection
	GlobalSection(SolutionProperties) = preSolution
		HideSolutionNode = FALSE
	EndGlobalSection
	GlobalSection(ExtensibilityGlobals) = postSolution
		SolutionGuid = {2A6EA4F8-33C0-44C8-BECA-B5E7258BB8D7}
	EndGlobalSection
EndGlobal
